
Microsoft Visual Studio Solution File, Format Version 12.00
# Visual Studio Version 17
VisualStudioVersion = 17.0.31903.59
MinimumVisualStudioVersion = 10.0.40219.1
Project("{FAE04EC0-301F-11D3-BF4B-00C04F79EFBC}") = "ProEventos.Application", "ProEventos.Application\ProEventos.Application.csproj", "{91F1B70E-C428-4A94-8E1F-1845D9FF609D}"
EndProject
Project("{FAE04EC0-301F-11D3-BF4B-00C04F79EFBC}") = "ProEventos.Domain", "ProEventos.Domain\ProEventos.Domain.csproj", "{A217018E-426E-4480-B50D-A208CACDBE81}"
EndProject
Project("{FAE04EC0-301F-11D3-BF4B-00C04F79EFBC}") = "ProEventos.API", "ProEventos.API\ProEventos.API.csproj", "{766C99D5-951A-439E-A089-992AAB2004FB}"
EndProject
Project("{FAE04EC0-301F-11D3-BF4B-00C04F79EFBC}") = "ProEventos.Persistence", "ProEventos.Persistence\ProEventos.Persistence.csproj", "{D3B06B33-0834-4F42-A726-9D6001162CF4}"
EndProject
Global
	GlobalSection(SolutionConfigurationPlatforms) = preSolution
		Debug|Any CPU = Debug|Any CPU
		Release|Any CPU = Release|Any CPU
	EndGlobalSection
	GlobalSection(SolutionProperties) = preSolution
		HideSolutionNode = FALSE
	EndGlobalSection
	GlobalSection(ProjectConfigurationPlatforms) = postSolution
		{91F1B70E-C428-4A94-8E1F-1845D9FF609D}.Debug|Any CPU.ActiveCfg = Debug|Any CPU
		{91F1B70E-C428-4A94-8E1F-1845D9FF609D}.Debug|Any CPU.Build.0 = Debug|Any CPU
		{91F1B70E-C428-4A94-8E1F-1845D9FF609D}.Release|Any CPU.ActiveCfg = Release|Any CPU
		{91F1B70E-C428-4A94-8E1F-1845D9FF609D}.Release|Any CPU.Build.0 = Release|Any CPU
		{A217018E-426E-4480-B50D-A208CACDBE81}.Debug|Any CPU.ActiveCfg = Debug|Any CPU
		{A217018E-426E-4480-B50D-A208CACDBE81}.Debug|Any CPU.Build.0 = Debug|Any CPU
		{A217018E-426E-4480-B50D-A208CACDBE81}.Release|Any CPU.ActiveCfg = Release|Any CPU
		{A217018E-426E-4480-B50D-A208CACDBE81}.Release|Any CPU.Build.0 = Release|Any CPU
		{766C99D5-951A-439E-A089-992AAB2004FB}.Debug|Any CPU.ActiveCfg = Debug|Any CPU
		{766C99D5-951A-439E-A089-992AAB2004FB}.Debug|Any CPU.Build.0 = Debug|Any CPU
		{766C99D5-951A-439E-A089-992AAB2004FB}.Release|Any CPU.ActiveCfg = Release|Any CPU
		{766C99D5-951A-439E-A089-992AAB2004FB}.Release|Any CPU.Build.0 = Release|Any CPU
		{D3B06B33-0834-4F42-A726-9D6001162CF4}.Debug|Any CPU.ActiveCfg = Debug|Any CPU
		{D3B06B33-0834-4F42-A726-9D6001162CF4}.Debug|Any CPU.Build.0 = Debug|Any CPU
		{D3B06B33-0834-4F42-A726-9D6001162CF4}.Release|Any CPU.ActiveCfg = Release|Any CPU
		{D3B06B33-0834-4F42-A726-9D6001162CF4}.Release|Any CPU.Build.0 = Release|Any CPU
	EndGlobalSection
EndGlobal
